// !$*UTF8*$!
{
	archiveVersion = 1;
	classes = {
	};
	objectVersion = 50;
	objects = {

/* Begin PBXBuildFile section */
		1AE9A20A24A7945900CABEC6 /* MoveToArchieveViewController.swift in Sources */ = {isa = PBXBuildFile; fileRef = 1AE9A20924A7945900CABEC6 /* MoveToArchieveViewController.swift */; };
		1AF2B76824A415EB00476E31 /* AppDelegate.swift in Sources */ = {isa = PBXBuildFile; fileRef = 1AF2B76724A415EB00476E31 /* AppDelegate.swift */; };
		1AF2B76A24A415EB00476E31 /* SceneDelegate.swift in Sources */ = {isa = PBXBuildFile; fileRef = 1AF2B76924A415EB00476E31 /* SceneDelegate.swift */; };
		1AF2B76C24A415EB00476E31 /* EditNotesViewController.swift in Sources */ = {isa = PBXBuildFile; fileRef = 1AF2B76B24A415EB00476E31 /* EditNotesViewController.swift */; };
		1AF2B76F24A415EB00476E31 /* Main.storyboard in Resources */ = {isa = PBXBuildFile; fileRef = 1AF2B76D24A415EB00476E31 /* Main.storyboard */; };
		1AF2B77224A415EB00476E31 /* todo_Ikroop_C0774174.xcdatamodeld in Sources */ = {isa = PBXBuildFile; fileRef = 1AF2B77024A415EB00476E31 /* todo_Ikroop_C0774174.xcdatamodeld */; };
		1AF2B77424A415ED00476E31 /* Assets.xcassets in Resources */ = {isa = PBXBuildFile; fileRef = 1AF2B77324A415ED00476E31 /* Assets.xcassets */; };
		1AF2B77724A415ED00476E31 /* LaunchScreen.storyboard in Resources */ = {isa = PBXBuildFile; fileRef = 1AF2B77524A415ED00476E31 /* LaunchScreen.storyboard */; };
		1AF2B77F24A419E800476E31 /* CategoryTableViewController.swift in Sources */ = {isa = PBXBuildFile; fileRef = 1AF2B77E24A419E800476E31 /* CategoryTableViewController.swift */; };
		1AF2B78124A419FC00476E31 /* NotesTableViewController.swift in Sources */ = {isa = PBXBuildFile; fileRef = 1AF2B78024A419FC00476E31 /* NotesTableViewController.swift */; };
/* End PBXBuildFile section */

/* Begin PBXFileReference section */
		1AE9A20924A7945900CABEC6 /* MoveToArchieveViewController.swift */ = {isa = PBXFileReference; lastKnownFileType = sourcecode.swift; path = MoveToArchieveViewController.swift; sourceTree = "<group>"; };
		1AF2B76424A415EB00476E31 /* todo_Ikroop_C0774174.app */ = {isa = PBXFileReference; explicitFileType = wrapper.application; includeInIndex = 0; path = todo_Ikroop_C0774174.app; sourceTree = BUILT_PRODUCTS_DIR; };
		1AF2B76724A415EB00476E31 /* AppDelegate.swift */ = {isa = PBXFileReference; lastKnownFileType = sourcecode.swift; path = AppDelegate.swift; sourceTree = "<group>"; };
		1AF2B76924A415EB00476E31 /* SceneDelegate.swift */ = {isa = PBXFileReference; lastKnownFileType = sourcecode.swift; path = SceneDelegate.swift; sourceTree = "<group>"; };
		1AF2B76B24A415EB00476E31 /* EditNotesViewController.swift */ = {isa = PBXFileReference; lastKnownFileType = sourcecode.swift; path = EditNotesViewController.swift; sourceTree = "<group>"; };
		1AF2B76E24A415EB00476E31 /* Base */ = {isa = PBXFileReference; lastKnownFileType = file.storyboard; name = Base; path = Base.lproj/Main.storyboard; sourceTree = "<group>"; };
		1AF2B77124A415EB00476E31 /* todo_Ikroop_C0774174.xcdatamodel */ = {isa = PBXFileReference; lastKnownFileType = wrapper.xcdatamodel; path = todo_Ikroop_C0774174.xcdatamodel; sourceTree = "<group>"; };
		1AF2B77324A415ED00476E31 /* Assets.xcassets */ = {isa = PBXFileReference; lastKnownFileType = folder.assetcatalog; path = Assets.xcassets; sourceTree = "<group>"; };
		1AF2B77624A415ED00476E31 /* Base */ = {isa = PBXFileReference; lastKnownFileType = file.storyboard; name = Base; path = Base.lproj/LaunchScreen.storyboard; sourceTree = "<group>"; };
		1AF2B77824A415ED00476E31 /* Info.plist */ = {isa = PBXFileReference; lastKnownFileType = text.plist.xml; path = Info.plist; sourceTree = "<group>"; };
		1AF2B77E24A419E800476E31 /* CategoryTableViewController.swift */ = {isa = PBXFileReference; lastKnownFileType = sourcecode.swift; path = CategoryTableViewController.swift; sourceTree = "<group>"; };
		1AF2B78024A419FC00476E31 /* NotesTableViewController.swift */ = {isa = PBXFileReference; lastKnownFileType = sourcecode.swift; path = NotesTableViewController.swift; sourceTree = "<group>"; };
		1AF2B78224A424C100476E31 /* Note+CoreDataClass.swift */ = {isa = PBXFileReference; lastKnownFileType = sourcecode.swift; path = "Note+CoreDataClass.swift"; sourceTree = "<group>"; };
		1AF2B78324A424C100476E31 /* Note+CoreDataProperties.swift */ = {isa = PBXFileReference; lastKnownFileType = sourcecode.swift; path = "Note+CoreDataProperties.swift"; sourceTree = "<group>"; };
		1AF2B78424A424C100476E31 /* Notebook+CoreDataClass.swift */ = {isa = PBXFileReference; lastKnownFileType = sourcecode.swift; path = "Notebook+CoreDataClass.swift"; sourceTree = "<group>"; };
		1AF2B78524A424C100476E31 /* Notebook+CoreDataProperties.swift */ = {isa = PBXFileReference; lastKnownFileType = sourcecode.swift; path = "Notebook+CoreDataProperties.swift"; sourceTree = "<group>"; };
/* End PBXFileReference section */

/* Begin PBXFrameworksBuildPhase section */
		1AF2B76124A415EB00476E31 /* Frameworks */ = {
			isa = PBXFrameworksBuildPhase;
			buildActionMask = 2147483647;
			files = (
			);
			runOnlyForDeploymentPostprocessing = 0;
		};
/* End PBXFrameworksBuildPhase section */

/* Begin PBXGroup section */
		1AF2B75B24A415EB00476E31 = {
			isa = PBXGroup;
			children = (
				1AF2B76624A415EB00476E31 /* todo_Ikroop_C0774174 */,
				1AF2B76524A415EB00476E31 /* Products */,
			);
			sourceTree = "<group>";
		};
		1AF2B76524A415EB00476E31 /* Products */ = {
			isa = PBXGroup;
			children = (
				1AF2B76424A415EB00476E31 /* todo_Ikroop_C0774174.app */,
			);
			name = Products;
			sourceTree = "<group>";
		};
		1AF2B76624A415EB00476E31 /* todo_Ikroop_C0774174 */ = {
			isa = PBXGroup;
			children = (
				1AF2B76724A415EB00476E31 /* AppDelegate.swift */,
				1AF2B78224A424C100476E31 /* Note+CoreDataClass.swift */,
				1AF2B78324A424C100476E31 /* Note+CoreDataProperties.swift */,
				1AF2B78424A424C100476E31 /* Notebook+CoreDataClass.swift */,
				1AF2B78524A424C100476E31 /* Notebook+CoreDataProperties.swift */,
				1AF2B76924A415EB00476E31 /* SceneDelegate.swift */,
				1AF2B76B24A415EB00476E31 /* EditNotesViewController.swift */,
				1AF2B76D24A415EB00476E31 /* Main.storyboard */,
				1AF2B77324A415ED00476E31 /* Assets.xcassets */,
				1AF2B77524A415ED00476E31 /* LaunchScreen.storyboard */,
				1AF2B77824A415ED00476E31 /* Info.plist */,
				1AF2B77024A415EB00476E31 /* todo_Ikroop_C0774174.xcdatamodeld */,
				1AF2B77E24A419E800476E31 /* CategoryTableViewController.swift */,
				1AF2B78024A419FC00476E31 /* NotesTableViewController.swift */,
				1AE9A20924A7945900CABEC6 /* MoveToArchieveViewController.swift */,
			);
			path = todo_Ikroop_C0774174;
			sourceTree = "<group>";
		};
/* End PBXGroup section */

/* Begin PBXNativeTarget section */
		1AF2B76324A415EB00476E31 /* todo_Ikroop_C0774174 */ = {
			isa = PBXNativeTarget;
			buildConfigurationList = 1AF2B77B24A415ED00476E31 /* Build configuration list for PBXNativeTarget "todo_Ikroop_C0774174" */;
			buildPhases = (
				1AF2B76024A415EB00476E31 /* Sources */,
				1AF2B76124A415EB00476E31 /* Frameworks */,
				1AF2B76224A415EB00476E31 /* Resources */,
			);
			buildRules = (
			);
			dependencies = (
			);
			name = todo_Ikroop_C0774174;
			productName = todo_Ikroop_C0774174;
			productReference = 1AF2B76424A415EB00476E31 /* todo_Ikroop_C0774174.app */;
			productType = "com.apple.product-type.application";
		};
/* End PBXNativeTarget section */

/* Begin PBXProject section */
		1AF2B75C24A415EB00476E31 /* Project object */ = {
			isa = PBXProject;
			attributes = {
				LastSwiftUpdateCheck = 1150;
				LastUpgradeCheck = 1150;
				ORGANIZATIONNAME = VirkIkroop;
				TargetAttributes = {
					1AF2B76324A415EB00476E31 = {
						CreatedOnToolsVersion = 11.5;
					};
				};
			};
			buildConfigurationList = 1AF2B75F24A415EB00476E31 /* Build configuration list for PBXProject "todo_Ikroop_C0774174" */;
			compatibilityVersion = "Xcode 9.3";
			developmentRegion = en;
			hasScannedForEncodings = 0;
			knownRegions = (
				en,
				Base,
			);
			mainGroup = 1AF2B75B24A415EB00476E31;
			productRefGroup = 1AF2B76524A415EB00476E31 /* Products */;
			projectDirPath = "";
			projectRoot = "";
			targets = (
				1AF2B76324A415EB00476E31 /* todo_Ikroop_C0774174 */,
			);
		};
/* End PBXProject section */

/* Begin PBXResourcesBuildPhase section */
		1AF2B76224A415EB00476E31 /* Resources */ = {
			isa = PBXResourcesBuildPhase;
			buildActionMask = 2147483647;
			files = (
				1AF2B77724A415ED00476E31 /* LaunchScreen.storyboard in Resources */,
				1AF2B77424A415ED00476E31 /* Assets.xcassets in Resources */,
				1AF2B76F24A415EB00476E31 /* Main.storyboard in Resources */,
			);
			runOnlyForDeploymentPostprocessing = 0;
		};
/* End PBXResourcesBuildPhase section */

/* Begin PBXSourcesBuildPhase section */
		1AF2B76024A415EB00476E31 /* Sources */ = {
			isa = PBXSourcesBuildPhase;
			buildActionMask = 2147483647;
			files = (
				1AF2B76C24A415EB00476E31 /* EditNotesViewController.swift in Sources */,
				1AE9A20A24A7945900CABEC6 /* MoveToArchieveViewController.swift in Sources */,
				1AF2B76824A415EB00476E31 /* AppDelegate.swift in Sources */,
				1AF2B77F24A419E800476E31 /* CategoryTableViewController.swift in Sources */,
				1AF2B77224A415EB00476E31 /* todo_Ikroop_C0774174.xcdatamodeld in Sources */,
				1AF2B76A24A415EB00476E31 /* SceneDelegate.swift in Sources */,
				1AF2B78124A419FC00476E31 /* NotesTableViewController.swift in Sources */,
			);
			runOnlyForDeploymentPostprocessing = 0;
		};
/* End PBXSourcesBuildPhase section */

/* Begin PBXVariantGroup section */
		1AF2B76D24A415EB00476E31 /* Main.storyboard */ = {
			isa = PBXVariantGroup;
			children = (
				1AF2B76E24A415EB00476E31 /* Base */,
			);
			name = Main.storyboard;
			sourceTree = "<group>";
		};
		1AF2B77524A415ED00476E31 /* LaunchScreen.storyboard */ = {
			isa = PBXVariantGroup;
			children = (
				1AF2B77624A415ED00476E31 /* Base */,
			);
			name = LaunchScreen.storyboard;
			sourceTree = "<group>";
		};
/* End PBXVariantGroup section */

/* Begin XCBuildConfiguration section */
		1AF2B77924A415ED00476E31 /* Debug */ = {
			isa = XCBuildConfiguration;
			buildSettings = {
				ALWAYS_SEARCH_USER_PATHS = NO;
				CLANG_ANALYZER_NONNULL = YES;
				CLANG_ANALYZER_NUMBER_OBJECT_CONVERSION = YES_AGGRESSIVE;
				CLANG_CXX_LANGUAGE_STANDARD = "gnu++14";
				CLANG_CXX_LIBRARY = "libc++";
				CLANG_ENABLE_MODULES = YES;
				CLANG_ENABLE_OBJC_ARC = YES;
				CLANG_ENABLE_OBJC_WEAK = YES;
				CLANG_WARN_BLOCK_CAPTURE_AUTORELEASING = YES;
				CLANG_WARN_BOOL_CONVERSION = YES;
				CLANG_WARN_COMMA = YES;
				CLANG_WARN_CONSTANT_CONVERSION = YES;
				CLANG_WARN_DEPRECATED_OBJC_IMPLEMENTATIONS = YES;
				CLANG_WARN_DIRECT_OBJC_ISA_USAGE = YES_ERROR;
				CLANG_WARN_DOCUMENTATION_COMMENTS = YES;
				CLANG_WARN_EMPTY_BODY = YES;
				CLANG_WARN_ENUM_CONVERSION = YES;
				CLANG_WARN_INFINITE_RECURSION = YES;
				CLANG_WARN_INT_CONVERSION = YES;
				CLANG_WARN_NON_LITERAL_NULL_CONVERSION = YES;
				CLANG_WARN_OBJC_IMPLICIT_RETAIN_SELF = YES;
				CLANG_WARN_OBJC_LITERAL_CONVERSION = YES;
				CLANG_WARN_OBJC_ROOT_CLASS = YES_ERROR;
				CLANG_WARN_RANGE_LOOP_ANALYSIS = YES;
				CLANG_WARN_STRICT_PROTOTYPES = YES;
				CLANG_WARN_SUSPICIOUS_MOVE = YES;
				CLANG_WARN_UNGUARDED_AVAILABILITY = YES_AGGRESSIVE;
				CLANG_WARN_UNREACHABLE_CODE = YES;
				CLANG_WARN__DUPLICATE_METHOD_MATCH = YES;
				COPY_PHASE_STRIP = NO;
				DEBUG_INFORMATION_FORMAT = dwarf;
				ENABLE_STRICT_OBJC_MSGSEND = YES;
				ENABLE_TESTABILITY = YES;
				GCC_C_LANGUAGE_STANDARD = gnu11;
				GCC_DYNAMIC_NO_PIC = NO;
				GCC_NO_COMMON_BLOCKS = YES;
				GCC_OPTIMIZATION_LEVEL = 0;
				GCC_PREPROCESSOR_DEFINITIONS = (
					"DEBUG=1",
					"$(inherited)",
				);
				GCC_WARN_64_TO_32_BIT_CONVERSION = YES;
				GCC_WARN_ABOUT_RETURN_TYPE = YES_ERROR;
				GCC_WARN_UNDECLARED_SELECTOR = YES;
				GCC_WARN_UNINITIALIZED_AUTOS = YES_AGGRESSIVE;
				GCC_WARN_UNUSED_FUNCTION = YES;
				GCC_WARN_UNUSED_VARIABLE = YES;
				IPHONEOS_DEPLOYMENT_TARGET = 13.5;
				MTL_ENABLE_DEBUG_INFO = INCLUDE_SOURCE;
				MTL_FAST_MATH = YES;
				ONLY_ACTIVE_ARCH = YES;
				SDKROOT = iphoneos;
				SWIFT_ACTIVE_COMPILATION_CONDITIONS = DEBUG;
				SWIFT_OPTIMIZATION_LEVEL = "-Onone";
			};
			name = Debug;
		};
		1AF2B77A24A415ED00476E31 /* Release */ = {
			isa = XCBuildConfiguration;
			buildSettings = {
				ALWAYS_SEARCH_USER_PATHS = NO;
				CLANG_ANALYZER_NONNULL = YES;
				CLANG_ANALYZER_NUMBER_OBJECT_CONVERSION = YES_AGGRESSIVE;
				CLANG_CXX_LANGUAGE_STANDARD = "gnu++14";
				CLANG_CXX_LIBRARY = "libc++";
				CLANG_ENABLE_MODULES = YES;
				CLANG_ENABLE_OBJC_ARC = YES;
				CLANG_ENABLE_OBJC_WEAK = YES;
				CLANG_WARN_BLOCK_CAPTURE_AUTORELEASING = YES;
				CLANG_WARN_BOOL_CONVERSION = YES;
				CLANG_WARN_COMMA = YES;
				CLANG_WARN_CONSTANT_CONVERSION = YES;
				CLANG_WARN_DEPRECATED_OBJC_IMPLEMENTATIONS = YES;
				CLANG_WARN_DIRECT_OBJC_ISA_USAGE = YES_ERROR;
				CLANG_WARN_DOCUMENTATION_COMMENTS = YES;
				CLANG_WARN_EMPTY_BODY = YES;
				CLANG_WARN_ENUM_CONVERSION = YES;
				CLANG_WARN_INFINITE_RECURSION = YES;
				CLANG_WARN_INT_CONVERSION = YES;
				CLANG_WARN_NON_LITERAL_NULL_CONVERSION = YES;
				CLANG_WARN_OBJC_IMPLICIT_RETAIN_SELF = YES;
				CLANG_WARN_OBJC_LITERAL_CONVERSION = YES;
				CLANG_WARN_OBJC_ROOT_CLASS = YES_ERROR;
				CLANG_WARN_RANGE_LOOP_ANALYSIS = YES;
				CLANG_WARN_STRICT_PROTOTYPES = YES;
				CLANG_WARN_SUSPICIOUS_MOVE = YES;
				CLANG_WARN_UNGUARDED_AVAILABILITY = YES_AGGRESSIVE;
				CLANG_WARN_UNREACHABLE_CODE = YES;
				CLANG_WARN__DUPLICATE_METHOD_MATCH = YES;
				COPY_PHASE_STRIP = NO;
				DEBUG_INFORMATION_FORMAT = "dwarf-with-dsym";
				ENABLE_NS_ASSERTIONS = NO;
				ENABLE_STRICT_OBJC_MSGSEND = YES;
				GCC_C_LANGUAGE_STANDARD = gnu11;
				GCC_NO_COMMON_BLOCKS = YES;
				GCC_WARN_64_TO_32_BIT_CONVERSION = YES;
				GCC_WARN_ABOUT_RETURN_TYPE = YES_ERROR;
				GCC_WARN_UNDECLARED_SELECTOR = YES;
				GCC_WARN_UNINITIALIZED_AUTOS = YES_AGGRESSIVE;
				GCC_WARN_UNUSED_FUNCTION = YES;
				GCC_WARN_UNUSED_VARIABLE = YES;
				IPHONEOS_DEPLOYMENT_TARGET = 13.5;
				MTL_ENABLE_DEBUG_INFO = NO;
				MTL_FAST_MATH = YES;
				SDKROOT = iphoneos;
				SWIFT_COMPILATION_MODE = wholemodule;
				SWIFT_OPTIMIZATION_LEVEL = "-O";
				VALIDATE_PRODUCT = YES;
			};
			name = Release;
		};
		1AF2B77C24A415ED00476E31 /* Debug */ = {
			isa = XCBuildConfiguration;
			buildSettings = {
				ASSETCATALOG_COMPILER_APPICON_NAME = AppIcon;
				CODE_SIGN_STYLE = Automatic;
				INFOPLIST_FILE = todo_Ikroop_C0774174/Info.plist;
				LD_RUNPATH_SEARCH_PATHS = (
					"$(inherited)",
					"@executable_path/Frameworks",
				);
				PRODUCT_BUNDLE_IDENTIFIER = "com.lambton.todo-Ikroop-C0774174";
				PRODUCT_NAME = "$(TARGET_NAME)";
				SWIFT_VERSION = 5.0;
				TARGETED_DEVICE_FAMILY = "1,2";
			};
			name = Debug;
		};
		1AF2B77D24A415ED00476E31 /* Release */ = {
			isa = XCBuildConfiguration;
			buildSettings = {
				ASSETCATALOG_COMPILER_APPICON_NAME = AppIcon;
				CODE_SIGN_STYLE = Automatic;
				INFOPLIST_FILE = todo_Ikroop_C0774174/Info.plist;
				LD_RUNPATH_SEARCH_PATHS = (
					"$(inherited)",
					"@executable_path/Frameworks",
				);
				PRODUCT_BUNDLE_IDENTIFIER = "com.lambton.todo-Ikroop-C0774174";
				PRODUCT_NAME = "$(TARGET_NAME)";
				SWIFT_VERSION = 5.0;
				TARGETED_DEVICE_FAMILY = "1,2";
			};
			name = Release;
		};
/* End XCBuildConfiguration section */

/* Begin XCConfigurationList section */
		1AF2B75F24A415EB00476E31 /* Build configuration list for PBXProject "todo_Ikroop_C0774174" */ = {
			isa = XCConfigurationList;
			buildConfigurations = (
				1AF2B77924A415ED00476E31 /* Debug */,
				1AF2B77A24A415ED00476E31 /* Release */,
			);
			defaultConfigurationIsVisible = 0;
			defaultConfigurationName = Release;
		};
		1AF2B77B24A415ED00476E31 /* Build configuration list for PBXNativeTarget "todo_Ikroop_C0774174" */ = {
			isa = XCConfigurationList;
			buildConfigurations = (
				1AF2B77C24A415ED00476E31 /* Debug */,
				1AF2B77D24A415ED00476E31 /* Release */,
			);
			defaultConfigurationIsVisible = 0;
			defaultConfigurationName = Release;
		};
/* End XCConfigurationList section */

/* Begin XCVersionGroup section */
		1AF2B77024A415EB00476E31 /* todo_Ikroop_C0774174.xcdatamodeld */ = {
			isa = XCVersionGroup;
			children = (
				1AF2B77124A415EB00476E31 /* todo_Ikroop_C0774174.xcdatamodel */,
			);
			currentVersion = 1AF2B77124A415EB00476E31 /* todo_Ikroop_C0774174.xcdatamodel */;
			path = todo_Ikroop_C0774174.xcdatamodeld;
			sourceTree = "<group>";
			versionGroupType = wrapper.xcdatamodel;
		};
/* End XCVersionGroup section */
	};
	rootObject = 1AF2B75C24A415EB00476E31 /* Project object */;
}
